
Microsoft Visual Studio Solution File, Format Version 12.00
# Visual Studio Version 17
VisualStudioVersion = 17.14.36429.23
MinimumVisualStudioVersion = 10.0.40219.1
Project("{FAE04EC0-301F-11D3-BF4B-00C04F79EFBC}") = "E-commerce-DSIR", "E-commerce-DSIR\E-commerce-DSIR.csproj", "{EDE96208-0F18-41BA-991E-B3C634B74A68}"
EndProject
Global
	GlobalSection(SolutionConfigurationPlatforms) = preSolution
		Debug|Any CPU = Debug|Any CPU
		Release|Any CPU = Release|Any CPU
	EndGlobalSection
	GlobalSection(ProjectConfigurationPlatforms) = postSolution
		{EDE96208-0F18-41BA-991E-B3C634B74A68}.Debug|Any CPU.ActiveCfg = Debug|Any CPU
		{EDE96208-0F18-41BA-991E-B3C634B74A68}.Debug|Any CPU.Build.0 = Debug|Any CPU
		{EDE96208-0F18-41BA-991E-B3C634B74A68}.Release|Any CPU.ActiveCfg = Release|Any CPU
		{EDE96208-0F18-41BA-991E-B3C634B74A68}.Release|Any CPU.Build.0 = Release|Any CPU
	EndGlobalSection
	GlobalSection(SolutionProperties) = preSolution
		HideSolutionNode = FALSE
	EndGlobalSection
	GlobalSection(ExtensibilityGlobals) = postSolution
		SolutionGuid = {15AC8994-D7EB-4A0D-8413-F15A50B1A1B2}
	EndGlobalSection
EndGlobal
